
Microsoft Visual Studio Solution File, Format Version 12.00
# Visual Studio 14
VisualStudioVersion = 14.0.25420.1
MinimumVisualStudioVersion = 10.0.40219.1
Project("{FAE04EC0-301F-11D3-BF4B-00C04F79EFBC}") = "BB", "Data\BB.csproj", "{400EA379-FA15-4825-82C8-E17E7CD63F58}"
EndProject
Project("{FAE04EC0-301F-11D3-BF4B-00C04F79EFBC}") = "BBTests", "BBTests\BBTests.csproj", "{9241ADF1-1F67-42CD-99F1-B729759E6B1E}"
EndProject
Global
	GlobalSection(SolutionConfigurationPlatforms) = preSolution
		Debug|Any CPU = Debug|Any CPU
		Release|Any CPU = Release|Any CPU
	EndGlobalSection
	GlobalSection(ProjectConfigurationPlatforms) = postSolution
		{400EA379-FA15-4825-82C8-E17E7CD63F58}.Debug|Any CPU.ActiveCfg = Debug|Any CPU
		{400EA379-FA15-4825-82C8-E17E7CD63F58}.Debug|Any CPU.Build.0 = Debug|Any CPU
		{400EA379-FA15-4825-82C8-E17E7CD63F58}.Release|Any CPU.ActiveCfg = Release|Any CPU
		{400EA379-FA15-4825-82C8-E17E7CD63F58}.Release|Any CPU.Build.0 = Release|Any CPU
		{9241ADF1-1F67-42CD-99F1-B729759E6B1E}.Debug|Any CPU.ActiveCfg = Debug|Any CPU
		{9241ADF1-1F67-42CD-99F1-B729759E6B1E}.Debug|Any CPU.Build.0 = Debug|Any CPU
		{9241ADF1-1F67-42CD-99F1-B729759E6B1E}.Release|Any CPU.ActiveCfg = Release|Any CPU
		{9241ADF1-1F67-42CD-99F1-B729759E6B1E}.Release|Any CPU.Build.0 = Release|Any CPU
	EndGlobalSection
	GlobalSection(SolutionProperties) = preSolution
		HideSolutionNode = FALSE
	EndGlobalSection
EndGlobal
